
Microsoft Visual Studio Solution File, Format Version 12.00
# Visual Studio Version 17
VisualStudioVersion = 17.6.33723.286
MinimumVisualStudioVersion = 10.0.40219.1
Project("{9A19103F-16F7-4668-BE54-9A1E7A4F7556}") = "Task1", "Task1\Task1.csproj", "{9FB7B0F6-874E-4852-9ECD-CA1DA8D49ED4}"
EndProject
Project("{9A19103F-16F7-4668-BE54-9A1E7A4F7556}") = "Task2", "Task2\Task2.csproj", "{066DF8FB-4640-4122-8DE4-5F02E49EC6BF}"
EndProject
Project("{9A19103F-16F7-4668-BE54-9A1E7A4F7556}") = "Task3", "Task3\Task3.csproj", "{E1341E25-8CC2-4C87-BFA0-D0A81AC0A547}"
EndProject
Project("{9A19103F-16F7-4668-BE54-9A1E7A4F7556}") = "Task4", "Task4\Task4.csproj", "{0F6EE682-5749-4EEA-A32A-4664CBC3A471}"
EndProject
Project("{FAE04EC0-301F-11D3-BF4B-00C04F79EFBC}") = "Task5", "Task5\Task5.csproj", "{9F4EA00F-8C37-4DAC-9F47-A01215B984E7}"
EndProject
Global
	GlobalSection(SolutionConfigurationPlatforms) = preSolution
		Debug|Any CPU = Debug|Any CPU
		Release|Any CPU = Release|Any CPU
	EndGlobalSection
	GlobalSection(ProjectConfigurationPlatforms) = postSolution
		{9FB7B0F6-874E-4852-9ECD-CA1DA8D49ED4}.Debug|Any CPU.ActiveCfg = Debug|Any CPU
		{9FB7B0F6-874E-4852-9ECD-CA1DA8D49ED4}.Debug|Any CPU.Build.0 = Debug|Any CPU
		{9FB7B0F6-874E-4852-9ECD-CA1DA8D49ED4}.Release|Any CPU.ActiveCfg = Release|Any CPU
		{9FB7B0F6-874E-4852-9ECD-CA1DA8D49ED4}.Release|Any CPU.Build.0 = Release|Any CPU
		{066DF8FB-4640-4122-8DE4-5F02E49EC6BF}.Debug|Any CPU.ActiveCfg = Debug|Any CPU
		{066DF8FB-4640-4122-8DE4-5F02E49EC6BF}.Debug|Any CPU.Build.0 = Debug|Any CPU
		{066DF8FB-4640-4122-8DE4-5F02E49EC6BF}.Release|Any CPU.ActiveCfg = Release|Any CPU
		{066DF8FB-4640-4122-8DE4-5F02E49EC6BF}.Release|Any CPU.Build.0 = Release|Any CPU
		{E1341E25-8CC2-4C87-BFA0-D0A81AC0A547}.Debug|Any CPU.ActiveCfg = Debug|Any CPU
		{E1341E25-8CC2-4C87-BFA0-D0A81AC0A547}.Debug|Any CPU.Build.0 = Debug|Any CPU
		{E1341E25-8CC2-4C87-BFA0-D0A81AC0A547}.Release|Any CPU.ActiveCfg = Release|Any CPU
		{E1341E25-8CC2-4C87-BFA0-D0A81AC0A547}.Release|Any CPU.Build.0 = Release|Any CPU
		{0F6EE682-5749-4EEA-A32A-4664CBC3A471}.Debug|Any CPU.ActiveCfg = Debug|Any CPU
		{0F6EE682-5749-4EEA-A32A-4664CBC3A471}.Debug|Any CPU.Build.0 = Debug|Any CPU
		{0F6EE682-5749-4EEA-A32A-4664CBC3A471}.Release|Any CPU.ActiveCfg = Release|Any CPU
		{0F6EE682-5749-4EEA-A32A-4664CBC3A471}.Release|Any CPU.Build.0 = Release|Any CPU
		{9F4EA00F-8C37-4DAC-9F47-A01215B984E7}.Debug|Any CPU.ActiveCfg = Debug|Any CPU
		{9F4EA00F-8C37-4DAC-9F47-A01215B984E7}.Debug|Any CPU.Build.0 = Debug|Any CPU
		{9F4EA00F-8C37-4DAC-9F47-A01215B984E7}.Release|Any CPU.ActiveCfg = Release|Any CPU
		{9F4EA00F-8C37-4DAC-9F47-A01215B984E7}.Release|Any CPU.Build.0 = Release|Any CPU
	EndGlobalSection
	GlobalSection(SolutionProperties) = preSolution
		HideSolutionNode = FALSE
	EndGlobalSection
	GlobalSection(ExtensibilityGlobals) = postSolution
		SolutionGuid = {B4FE8C82-1809-4061-B684-6657F71DCDDC}
	EndGlobalSection
EndGlobal
