
Microsoft Visual Studio Solution File, Format Version 12.00
# Visual Studio Version 17
VisualStudioVersion = 17.4.33205.214
MinimumVisualStudioVersion = 10.0.40219.1
Project("{FAE04EC0-301F-11D3-BF4B-00C04F79EFBC}") = "Vector", "Vector.csproj", "{00DEC156-ED98-4551-B355-9913AFB245D5}"
EndProject
Global
	GlobalSection(SolutionConfigurationPlatforms) = preSolution
		Debug|Any CPU = Debug|Any CPU
		Release|Any CPU = Release|Any CPU
	EndGlobalSection
	GlobalSection(ProjectConfigurationPlatforms) = postSolution
		{00DEC156-ED98-4551-B355-9913AFB245D5}.Debug|Any CPU.ActiveCfg = Debug|Any CPU
		{00DEC156-ED98-4551-B355-9913AFB245D5}.Debug|Any CPU.Build.0 = Debug|Any CPU
		{00DEC156-ED98-4551-B355-9913AFB245D5}.Release|Any CPU.ActiveCfg = Release|Any CPU
		{00DEC156-ED98-4551-B355-9913AFB245D5}.Release|Any CPU.Build.0 = Release|Any CPU
	EndGlobalSection
	GlobalSection(SolutionProperties) = preSolution
		HideSolutionNode = FALSE
	EndGlobalSection
	GlobalSection(ExtensibilityGlobals) = postSolution
		SolutionGuid = {5F6192DC-47EA-451E-9EF3-5F203E043D51}
	EndGlobalSection
EndGlobal
